
Microsoft Visual Studio Solution File, Format Version 12.00
# Visual Studio 2012
Project("{FAE04EC0-301F-11D3-BF4B-00C04F79EFBC}") = "aerodrom", "ConsoleApplication4\aerodrom.csproj", "{8DBF6E5B-B83E-4924-A8AC-E9F23319AF1C}"
EndProject
Global
	GlobalSection(SolutionConfigurationPlatforms) = preSolution
		Debug|Any CPU = Debug|Any CPU
		Release|Any CPU = Release|Any CPU
	EndGlobalSection
	GlobalSection(ProjectConfigurationPlatforms) = postSolution
		{8DBF6E5B-B83E-4924-A8AC-E9F23319AF1C}.Debug|Any CPU.ActiveCfg = Debug|Any CPU
		{8DBF6E5B-B83E-4924-A8AC-E9F23319AF1C}.Debug|Any CPU.Build.0 = Debug|Any CPU
		{8DBF6E5B-B83E-4924-A8AC-E9F23319AF1C}.Release|Any CPU.ActiveCfg = Release|Any CPU
		{8DBF6E5B-B83E-4924-A8AC-E9F23319AF1C}.Release|Any CPU.Build.0 = Release|Any CPU
	EndGlobalSection
	GlobalSection(SolutionProperties) = preSolution
		HideSolutionNode = FALSE
	EndGlobalSection
EndGlobal
